PODS:
  - composeApp (1.0.0):
    - Sentry (= 8.53.2)
  - libcrypto (2025.09.06-051839)
  - libevent (2025.09.06-051839)
  - libssl (2025.09.06-051839)
  - libtor (2025.09.06-051839)
  - libz (2025.09.06-051839)
  - oonimkall (2025.09.06-051839)
  - Sentry (8.53.2):
    - Sentry/Core (= 8.53.2)
  - Sentry/Core (8.53.2)
  - Siren (6.1.3)
  - sqlite3 (3.42.0):
    - sqlite3/common (= 3.42.0)
  - sqlite3/common (3.42.0)

DEPENDENCIES:
  - composeApp (from `../composeApp`)
  - libcrypto (from `https://github.com/ooni/probe-cli/releases/download/v3.27.0/libcrypto.podspec`)
  - libevent (from `https://github.com/ooni/probe-cli/releases/download/v3.27.0/libevent.podspec`)
  - libssl (from `https://github.com/ooni/probe-cli/releases/download/v3.27.0/libssl.podspec`)
  - libtor (from `https://github.com/ooni/probe-cli/releases/download/v3.27.0/libtor.podspec`)
  - libz (from `https://github.com/ooni/probe-cli/releases/download/v3.27.0/libz.podspec`)
  - oonimkall (from `https://github.com/ooni/probe-cli/releases/download/v3.27.0/oonimkall.podspec`)
  - Siren
  - sqlite3 (~> 3.42.0)

SPEC REPOS:
  trunk:
    - Sentry
    - Siren
    - sqlite3

EXTERNAL SOURCES:
  composeApp:
    :path: "../composeApp"
  libcrypto:
    :podspec: https://github.com/ooni/probe-cli/releases/download/v3.27.0/libcrypto.podspec
  libevent:
    :podspec: https://github.com/ooni/probe-cli/releases/download/v3.27.0/libevent.podspec
  libssl:
    :podspec: https://github.com/ooni/probe-cli/releases/download/v3.27.0/libssl.podspec
  libtor:
    :podspec: https://github.com/ooni/probe-cli/releases/download/v3.27.0/libtor.podspec
  libz:
    :podspec: https://github.com/ooni/probe-cli/releases/download/v3.27.0/libz.podspec
  oonimkall:
    :podspec: https://github.com/ooni/probe-cli/releases/download/v3.27.0/oonimkall.podspec

SPEC CHECKSUMS:
  composeApp: d6ffaab10d64ae941321376308fdaad2ed621d93
  libcrypto: ad902b6bb91787d3f13abf363adf130a230a09b9
  libevent: babc5afca52a312250dee1abfb6333bbfe8fd5c7
  libssl: b8e84707f4c09d3be6b5ba76781600876ecd0a58
  libtor: 8cd3a676177d66e7b085fa7c408d058087366ae9
  libz: 33aad63947684b2dc4b173d51a8102558b1cddaa
  oonimkall: b99ca9e622635ea75cbfef3be1ccb0e32d81f2a8
  Sentry: 59993bffde4a1ac297ba6d268dc4bbce068d7c1b
  Siren: c0f6012f61196b73455202db07730f6454a4beb0
  sqlite3: f163dbbb7aa3339ad8fc622782c2d9d7b72f7e9c

PODFILE CHECKSUM: 1200ca7a56742e3cfaae6fc3c01a9f5035849f4b

COCOAPODS: 1.16.2
