PODS:
  - composeApp (1.0.0):
    - Sentry (~> 8.45.0)
  - libcrypto (2025.06.13-092717)
  - libevent (2025.06.13-092717)
  - libssl (2025.06.13-092717)
  - libtor (2025.06.13-092717)
  - libz (2025.06.13-092717)
  - oonimkall (2025.06.13-092717)
  - Sentry (8.45.0):
    - Sentry/Core (= 8.45.0)
  - Sentry/Core (8.45.0)
  - Siren (6.1.3)
  - sqlite3 (3.42.0):
    - sqlite3/common (= 3.42.0)
  - sqlite3/common (3.42.0)

DEPENDENCIES:
  - composeApp (from `../composeApp`)
  - libcrypto (from `https://github.com/ooni/probe-cli/releases/download/v3.26.0/libcrypto.podspec`)
  - libevent (from `https://github.com/ooni/probe-cli/releases/download/v3.26.0/libevent.podspec`)
  - libssl (from `https://github.com/ooni/probe-cli/releases/download/v3.26.0/libssl.podspec`)
  - libtor (from `https://github.com/ooni/probe-cli/releases/download/v3.26.0/libtor.podspec`)
  - libz (from `https://github.com/ooni/probe-cli/releases/download/v3.26.0/libz.podspec`)
  - oonimkall (from `https://github.com/ooni/probe-cli/releases/download/v3.26.0/oonimkall.podspec`)
  - Siren
  - sqlite3 (~> 3.42.0)

SPEC REPOS:
  trunk:
    - Sentry
    - Siren
    - sqlite3

EXTERNAL SOURCES:
  composeApp:
    :path: "../composeApp"
  libcrypto:
    :podspec: https://github.com/ooni/probe-cli/releases/download/v3.26.0/libcrypto.podspec
  libevent:
    :podspec: https://github.com/ooni/probe-cli/releases/download/v3.26.0/libevent.podspec
  libssl:
    :podspec: https://github.com/ooni/probe-cli/releases/download/v3.26.0/libssl.podspec
  libtor:
    :podspec: https://github.com/ooni/probe-cli/releases/download/v3.26.0/libtor.podspec
  libz:
    :podspec: https://github.com/ooni/probe-cli/releases/download/v3.26.0/libz.podspec
  oonimkall:
    :podspec: https://github.com/ooni/probe-cli/releases/download/v3.26.0/oonimkall.podspec

SPEC CHECKSUMS:
  composeApp: 434bfe1a3ef0a4cdb34672a63aeef2ff56edb47e
  libcrypto: 3edd5907d554b58d5cbae144ba9b7694a9567eb5
  libevent: 01e5baf3c5e24cd5f3ceea95d998a47ffc2ba8e6
  libssl: 96a0d727ae59f586c5f024ca6a1fca9157b68216
  libtor: d9ef84dda99744a3daa1ac06d78f1a7f910e2011
  libz: 6fab771009d7e0d7149848a56259ef045c85617d
  oonimkall: 62737f11029c47d7b1b78a0c6a190734676f5e7a
  Sentry: f7c0c4b82e2f7e5909a660544dfaff84e35d5e03
  Siren: c0f6012f61196b73455202db07730f6454a4beb0
  sqlite3: f163dbbb7aa3339ad8fc622782c2d9d7b72f7e9c

PODFILE CHECKSUM: 588c669cbe7f07bf308253907bf274e99f61b70c

COCOAPODS: 1.16.2
