PODS:
  - composeApp (1.0.0):
    - Sentry (= 8.58.2)
  - libcrypto (3.30.0-alpha)
  - libevent (3.30.0-alpha)
  - libssl (3.30.0-alpha)
  - libtor (3.30.0-alpha)
  - libz (3.30.0-alpha)
  - oonimkall (3.30.0-alpha)
  - passport (0.1.5)
  - Sentry (8.58.2):
    - Sentry/Core (= 8.58.2)
  - Sentry/Core (8.58.2)
  - Siren (6.1.3)
  - sqlite3 (3.42.0):
    - sqlite3/common (= 3.42.0)
  - sqlite3/common (3.42.0)

DEPENDENCIES:
  - composeApp (from `../composeApp`)
  - libcrypto (from `https://repo1.maven.org/maven2/org/ooni/libcrypto-ios/3.30.0-alpha/libcrypto-ios-3.30.0-alpha.podspec`)
  - libevent (from `https://repo1.maven.org/maven2/org/ooni/libevent-ios/3.30.0-alpha/libevent-ios-3.30.0-alpha.podspec`)
  - libssl (from `https://repo1.maven.org/maven2/org/ooni/libssl-ios/3.30.0-alpha/libssl-ios-3.30.0-alpha.podspec`)
  - libtor (from `https://repo1.maven.org/maven2/org/ooni/libtor-ios/3.30.0-alpha/libtor-ios-3.30.0-alpha.podspec`)
  - libz (from `https://repo1.maven.org/maven2/org/ooni/libz-ios/3.30.0-alpha/libz-ios-3.30.0-alpha.podspec`)
  - oonimkall (from `https://repo1.maven.org/maven2/org/ooni/oonimkall-ios/3.30.0-alpha/oonimkall-ios-3.30.0-alpha.podspec`)
  - passport (from `https://repo1.maven.org/maven2/org/ooni/passport-ios/0.1.5/passport-ios-0.1.5.podspec`)
  - Siren
  - sqlite3 (~> 3.42.0)

SPEC REPOS:
  trunk:
    - Sentry
    - Siren
    - sqlite3

EXTERNAL SOURCES:
  composeApp:
    :path: "../composeApp"
  libcrypto:
    :podspec: https://repo1.maven.org/maven2/org/ooni/libcrypto-ios/3.30.0-alpha/libcrypto-ios-3.30.0-alpha.podspec
  libevent:
    :podspec: https://repo1.maven.org/maven2/org/ooni/libevent-ios/3.30.0-alpha/libevent-ios-3.30.0-alpha.podspec
  libssl:
    :podspec: https://repo1.maven.org/maven2/org/ooni/libssl-ios/3.30.0-alpha/libssl-ios-3.30.0-alpha.podspec
  libtor:
    :podspec: https://repo1.maven.org/maven2/org/ooni/libtor-ios/3.30.0-alpha/libtor-ios-3.30.0-alpha.podspec
  libz:
    :podspec: https://repo1.maven.org/maven2/org/ooni/libz-ios/3.30.0-alpha/libz-ios-3.30.0-alpha.podspec
  oonimkall:
    :podspec: https://repo1.maven.org/maven2/org/ooni/oonimkall-ios/3.30.0-alpha/oonimkall-ios-3.30.0-alpha.podspec
  passport:
    :podspec: https://repo1.maven.org/maven2/org/ooni/passport-ios/0.1.5/passport-ios-0.1.5.podspec

SPEC CHECKSUMS:
  composeApp: 3b8aa02a2a6d734e8d3db9c5859ca7d67c5dc921
  libcrypto: 33a83c090b54ed772a340efecfdf15613c903aca
  libevent: d8d87c743db1ce645a73c82733802e171dab11fb
  libssl: 0a227f53a43cda9b1d385b76af89efe0664edc11
  libtor: d4f49cd585aea3460b54650725736052cc5c1dac
  libz: b040809fce2371e3eab68c70c4bc3eb9d46fcae4
  oonimkall: 049e9df79b591d46876922980cdf53b1cd9c04fd
  passport: a13ce6dc842828b8cfbad87a1353d7d0ff3474d1
  Sentry: de29b881e83bd91cf99a927f82f1fd86bfb39db2
  Siren: c0f6012f61196b73455202db07730f6454a4beb0
  sqlite3: f163dbbb7aa3339ad8fc622782c2d9d7b72f7e9c

PODFILE CHECKSUM: 07ab7d10756ab48235ee1529bf05a38242c7a761

COCOAPODS: 1.17.0
